 2 1 Reactions 0 7 0.000000 -14661.530000 15.187290 -0.097300 0.000000 29435.300000 4.512350 0.000000 0.000000 -28368.550000 -13.222970 0.000000 0.000000 -8492.734000 10.568650 0.000000 0.000000 6110.700000 4.132340 0.097540 0.000000 2040.000000 1.696100 0.024900 0.000000 -39059.900000 -17.294800 -0.137539 0.000000 -10582.000000 3.187200 -0.066180 0 3 Olivine oMg2SiO4 oFe2SiO4 oCaMgSiO4 oCaFeSiO4 0 8 0.000000 0.000000 0.000000 0.000000 0.000000 0.000000 0.000000 0.000000 0.000000 34250.000000 0.000000 0.490000 0.000000 30900.000000 0.000000 0.430000 0.000000 21560.000000 0.000000 0.000000 0.000000 21560.000000 0.000000 0.000000 0.000000 9800.000000 0.000000 0.000000 0.000000 7000.000000 0.000000 0.000000 0.000000 -840.000000 0.000000 0.000000 3 oMg2SiO4 200.000000 2000.000000 155.725970 0.022055 4048773.100000 -2067303.776000 94.098160 4.379000 0.000040 0.000001 0 3 oFe2SiO4 200.000000 2000.000000 149.184700 0.042886 2481112.000000 -1378979.456000 151.000560 4.639000 0.000031 0.000001 0 3 oCaMgSiO4 200.000000 2000.000000 154.054880 0.022343 3347200.000000 -2138426.532000 110.457600 5.147000 0.000033 0.000001 0 3 oCaFeSiO4 200.000000 2000.000000 150.784250 0.032576 2563400.000000 -1799164.372000 138.908800 5.277000 0.000029 0.000001 0 0.000000 2 Fe2SiO4 200.000000 9999.900000 0.000000 0.000000 4190937.900000 -88816.719000 4755.334200 101.450050 0.019707 0.000000 0.000000 -1009064.100000 -156.416630 0.000000 0.000000 0.000000 0 0 4.488836 0.000169 0.044928 -0.000002 0.060514 0 0 3 Aug aMg2Si2O6 aFe2Si2O6 aCaMgSi2O6 aCaFeSi2O6 0 8 0.000000 3306.000000 0.000000 0.000000 0.000000 -2172.000000 0.000000 0.000000 0.000000 32300.000000 0.000000 -0.006800 0.000000 26125.000000 0.000000 -0.038430 0.000000 20001.000000 0.000000 0.027100 0.000000 18682.000000 0.000000 -0.086400 0.000000 0.000000 0.000000 0.000000 0.000000 -33489.000000 -27.911900 -0.125180 0.000000 5052.000000 0.000000 0.000000 0 0 3 aCaMgSi2O6 200.000000 2000.000000 221.208080 0.032803 6585600.000000 -3029215.996000 143.092800 6.609000 0.000033 0.000001 0 3 aCaFeSi2O6 200.000000 2000.000000 229.325040 0.034183 6280200.000000 -2673745.920000 170.288800 6.827000 0.000030 0.000001 0 0.000000 0 3 Pig pMg2Si2O6 pFe2Si2O6 pCaMgSi2O6 pCaFeSi2O6 0 8 0.000000 3306.000000 0.000000 0.000000 0.000000 -2172.000000 0.000000 0.000000 0.000000 32300.000000 0.000000 -0.006800 0.000000 26125.000000 0.000000 -0.038430 0.000000 20001.000000 0.000000 0.027100 0.000000 18682.000000 0.000000 -0.086400 0.000000 0.000000 0.000000 0.000000 0.000000 -33489.000000 -27.911900 -0.125180 0.000000 5052.000000 0.000000 0.000000 0 0 3 pCaMgSi2O6 200.000000 2000.000000 221.208080 0.032803 6585600.000000 -3029215.996000 143.092800 6.609000 0.000033 0.000001 0 3 pCaFeSi2O6 200.000000 2000.000000 229.325040 0.034183 6280200.000000 -2673745.920000 170.288800 6.827000 0.000030 0.000001 0 0.000000 0 3 Opx oMg2Si2O6 oFe2Si2O6 oCaMgSi2O6 oCaFeSi2O6 0 8 0.000000 3514.000000 0.000000 0.000000 0.000000 5423.000000 0.000000 0.000000 0.000000 20000.000000 0.000000 0.000000 0.000000 20000.000000 0.000000 0.000000 0.000000 6000.000000 0.000000 0.000000 0.000000 6000.000000 0.000000 0.000000 0.000000 0.000000 0.000000 0.000000 0.000000 -15443.000000 -13.613000 0.000000 0.000000 13623.000000 0.000000 0.000000 3 oMg2Si2O6 200.000000 2000.000000 206.124760 0.054865 5310300.000000 -2928088.720000 132.599330 6.259200 0.000044 0.000001 0 3 oFe2Si2O6 200.000000 2000.000000 232.992730 0.030405 6463024.800000 -2232979.880000 191.616740 6.601600 0.000039 0.000001 0 0 0 0.000000 0 4 Spinel Fe3O4 Fe2TiO4 MgFe2O4 MnFe2O4 Mg2TiO4 0 9 0.000000 -76602.930000 -46.153000 0.000000 0.000000 -31367.500000 -14.095730 0.000000 0.000000 -38046.620000 0.109606 0.000000 0.000000 8487.350000 0.000000 0.000000 0.000000 30427.449000 23.076500 0.000000 0.000000 9044.256800 0.101627 0.000000 0.000000 9630.305000 -12.190300 0.000000 0.000000 17743.000000 0.000000 0.000000 0.000000 152.050300 0.000000 0.000000 0.000000 152.050300 0.000000 0.000000 2 Fe3O4 200.000000 9999.900000 0.000000 -501046960.000000 15630717.000000 -255900.880000 17386.010000 -175.945620 0.067689 0.000000 0.000000 -13924.280000 2364.570700 849.100000 65.569682 49.500128 4 -15 4.294517 0.000274 0.123576 -0.000002 0.032512 0 0 0 0 0 0 3 Ilmenite FeTiO3 MgTiO3 Fe2O3 MnTiO3 0 11 0.000000 7363.569300 3.495958 0.010800 0.000000 126342.500000 100.600100 0.000000 0.000000 4646.400000 0.000000 0.000000 0.000000 8405.521400 3.042320 0.010800 0.000000 26651.402000 0.000000 0.000000 0.000000 10381.940000 0.000000 0.000000 0.000000 44204.801000 12.274390 0.000000 0.000000 26651.402000 0.000000 0.000000 0.000000 34472.000000 0.000000 0.000000 0.000000 4646.400000 0.000000 0.000000 0.000000 10718.070000 0.000000 0.000000 0.000000 26853.600000 0.000000 0.000000 2 FeTiO3 200.000000 1800.000000 0.000000 0.000000 382701.400000 0.000000 -2537.939000 262.661800 -0.079989 0.000034 0.000000 -1107559.220000 -1657.109040 0.000000 0.000000 0.000000 0 0 3.169000 0.000000 0.000000 0.000000 0.000000 0 0 2 Fe2O3 200.000000 9999.900000 0.000000 0.000000 4676933.500000 -108928.440000 7071.867800 0.000000 0.021131 0.000000 0.000000 -325830.910000 561.124420 955.530000 25.738959 18.479508 3 -15 2.959105 0.000131 0.052561 -0.000001 0.010368 0 0 0 0 Iron Fe 0 -1 2 Fe 200.000000 1184.000000 0.000000 0.000000 -5084908.800000 137091.530000 -13316.979000 429.435050 -0.129273 0.000026 0.000000 -452544.330000 -3493.016100 1043.000000 22.466051 14.584342 9 -15 0.686573 0.000041 0.016985 -0.000000 0.004417 2 Fe 1184.000000 1665.000000 0.000000 0.000000 0.000000 0.000000 0.000000 23.864299 0.008556 0.000000 0.000000 8345.450200 -102.970850 0.000000 0.000000 0.000000 0 0 0.656950 0.000058 0.200294 0.000000 0.000000 2 Fe 1665.000000 9999.900000 0.000000 0.000000 -5084908.800000 137091.530000 -13316.979000 429.435050 -0.129273 0.000026 0.000000 -452544.330000 -3493.016100 1043.000000 22.466051 14.584342 9 -15 0.686573 0.000041 0.016985 -0.000000 0.004417 0 0 0 Quartz SiO2 0 -1 4 SiO2 298.150000 2000.000000 9.880000 11.220000 0.008200 270000.000000 25.080540 14.410000 0.001940 0.000000 2.372000 848.000000 38.500000 549.820000 0.065880 -0.000005 2.268800 0 2 Quartz 200.000000 844.000000 0.000000 0.000000 0.000000 0.000000 -778.110000 83.257500 0.021959 0.000000 0.000000 -842859.000000 -529.534000 0.000000 0.000000 0.000000 0 0 2.218190 0.000136 0.000000 -0.000004 0.000000 2 Quartz 844.000000 9999.900000 0.000000 0.000000 0.000000 0.000000 0.000000 58.912800 0.010040 0.000000 0.000000 -862519.250000 -300.970000 0.000000 0.000000 0.000000 0 0 2.357940 0.000000 0.000000 -0.000004 0.000000 0 0 0 Rutile TiO2 0 -1 2 TiO2 200.000000 1800.000000 0.000000 0.000000 -986260.000000 0.000000 -5.616000 63.079000 0.011397 0.000000 0.000000 -896879.589000 -318.704637 0.000000 0.000000 0.000000 0 0 1.882000 0.000000 0.000000 0.000000 0.000000 0 0 0 Titanite CaTiSiO5 0 -1 5 CaTiSiO5 200.000000 1800.000000 114.530000 -2395322.746690 -0.005860 22394.728220 -5913.168480 427.720790 -0.077170 0.000014 -2460512.530000 0.000000 0.000000 483.000000 3.087700 2.303400 3 -5 5.497705 0.000149 0.048950 -0.000003 0.057150 0 0 0 Karooite MgTi2O5 0 -1 6 MgTi2O5 200.000000 1800.000000 119.400000 582140000.000000 -5638300.000000 -477.000000 525.420000 65.242000 0.233090 -0.000090 -2380159.010000 -7371.000000 -3576.000000 5.832500 -0.000300 -2.914700 0.000000 0.034900 0 0 0 O2 O2 0 -1 2 O2 200.000000 9999.900000 0.000000 0.000000 -752241.210000 23279.194000 -2303.794200 97.237358 -0.014406 0.000002 0.000000 -22841.145000 -537.793780 0.000000 0.000000 0.000000 0 0 0.000000 0.000000 0.000000 0.000000 0.000000 0